{
  "name": "qzone-shuoshuo-delete-tool",
  "version": "1.0.0",
  "lockfileVersion": 1,
  "requires": true,
  "dependencies": {
    "gh-pages": {
      "version": "1.0.0",
      "resolved": "https://registry.npmjs.org/gh-pages/-/gh-pages-1.0.0.tgz",
      "integrity": "sha1-Skb0wlQ596K35oNVBNSknpSfBMo=",
      "dev": true
    }
  }
}
